
Microsoft Visual Studio Solution File, Format Version 12.00
# Visual Studio Version 17
VisualStudioVersion = 17.10.35122.118
MinimumVisualStudioVersion = 10.0.40219.1
Project("{2150E333-8FDC-42A3-9474-1A3956D46DE8}") = "src", "src", "{E51F4969-458A-4B66-BCAD-F03007E8535E}"
EndProject
Project("{2150E333-8FDC-42A3-9474-1A3956D46DE8}") = "tests", "tests", "{DC01E7FB-5561-4805-882C-2F3B670EBA5D}"
EndProject
Project("{9A19103F-16F7-4668-BE54-9A1E7A4F7556}") = "NoobGGApp.Domain", "src\NoobGGApp.Domain\NoobGGApp.Domain.csproj", "{6127AF81-E0BC-4EFF-B50B-7C17E228021F}"
EndProject
Project("{9A19103F-16F7-4668-BE54-9A1E7A4F7556}") = "NoobGGApp.Application", "src\NoobGGApp.Application\NoobGGApp.Application.csproj", "{F9FEA8EB-306A-4D3C-83AB-01EB8509C1A5}"
EndProject
Project("{9A19103F-16F7-4668-BE54-9A1E7A4F7556}") = "NoobGGApp.Infrastructure", "src\NoobGGApp.Infrasturcture\NoobGGApp.Infrastructure.csproj", "{71D938B2-9571-408C-B6F5-F8716F585A31}"
EndProject
Project("{9A19103F-16F7-4668-BE54-9A1E7A4F7556}") = "NoobGG.WebApi", "src\NoobGG.WebApi\NoobGG.WebApi.csproj", "{A9AA0BFC-F82A-4F66-B3F2-5477AA4D8087}"
EndProject
Global
	GlobalSection(SolutionConfigurationPlatforms) = preSolution
		Debug|Any CPU = Debug|Any CPU
		Release|Any CPU = Release|Any CPU
	EndGlobalSection
	GlobalSection(ProjectConfigurationPlatforms) = postSolution
		{6127AF81-E0BC-4EFF-B50B-7C17E228021F}.Debug|Any CPU.ActiveCfg = Debug|Any CPU
		{6127AF81-E0BC-4EFF-B50B-7C17E228021F}.Debug|Any CPU.Build.0 = Debug|Any CPU
		{6127AF81-E0BC-4EFF-B50B-7C17E228021F}.Release|Any CPU.ActiveCfg = Release|Any CPU
		{6127AF81-E0BC-4EFF-B50B-7C17E228021F}.Release|Any CPU.Build.0 = Release|Any CPU
		{F9FEA8EB-306A-4D3C-83AB-01EB8509C1A5}.Debug|Any CPU.ActiveCfg = Debug|Any CPU
		{F9FEA8EB-306A-4D3C-83AB-01EB8509C1A5}.Debug|Any CPU.Build.0 = Debug|Any CPU
		{F9FEA8EB-306A-4D3C-83AB-01EB8509C1A5}.Release|Any CPU.ActiveCfg = Release|Any CPU
		{F9FEA8EB-306A-4D3C-83AB-01EB8509C1A5}.Release|Any CPU.Build.0 = Release|Any CPU
		{71D938B2-9571-408C-B6F5-F8716F585A31}.Debug|Any CPU.ActiveCfg = Debug|Any CPU
		{71D938B2-9571-408C-B6F5-F8716F585A31}.Debug|Any CPU.Build.0 = Debug|Any CPU
		{71D938B2-9571-408C-B6F5-F8716F585A31}.Release|Any CPU.ActiveCfg = Release|Any CPU
		{71D938B2-9571-408C-B6F5-F8716F585A31}.Release|Any CPU.Build.0 = Release|Any CPU
		{A9AA0BFC-F82A-4F66-B3F2-5477AA4D8087}.Debug|Any CPU.ActiveCfg = Debug|Any CPU
		{A9AA0BFC-F82A-4F66-B3F2-5477AA4D8087}.Debug|Any CPU.Build.0 = Debug|Any CPU
		{A9AA0BFC-F82A-4F66-B3F2-5477AA4D8087}.Release|Any CPU.ActiveCfg = Release|Any CPU
		{A9AA0BFC-F82A-4F66-B3F2-5477AA4D8087}.Release|Any CPU.Build.0 = Release|Any CPU
	EndGlobalSection
	GlobalSection(SolutionProperties) = preSolution
		HideSolutionNode = FALSE
	EndGlobalSection
	GlobalSection(NestedProjects) = preSolution
		{6127AF81-E0BC-4EFF-B50B-7C17E228021F} = {E51F4969-458A-4B66-BCAD-F03007E8535E}
		{F9FEA8EB-306A-4D3C-83AB-01EB8509C1A5} = {E51F4969-458A-4B66-BCAD-F03007E8535E}
		{71D938B2-9571-408C-B6F5-F8716F585A31} = {E51F4969-458A-4B66-BCAD-F03007E8535E}
		{A9AA0BFC-F82A-4F66-B3F2-5477AA4D8087} = {E51F4969-458A-4B66-BCAD-F03007E8535E}
	EndGlobalSection
	GlobalSection(ExtensibilityGlobals) = postSolution
		SolutionGuid = {65F5ECC7-FA30-43B0-8658-2E535645A8AA}
	EndGlobalSection
EndGlobal
